{
  "version": 4,
  "terraform_version": "1.4.6",
  "serial": 79,
  "lineage": "fc8a4511-c260-ff6e-d645-1aa02691504a",
  "outputs": {},
  "resources": [
    {
      "mode": "managed",
      "type": "google_compute_global_address",
      "name": "private_ip_block",
      "provider": "provider[\"registry.terraform.io/hashicorp/google\"]",
      "instances": [
        {
          "schema_version": 0,
          "attributes": {
            "address": "10.15.48.0",
            "address_type": "INTERNAL",
            "creation_timestamp": "2023-06-09T12:51:07.473-07:00",
            "description": "",
            "id": "projects/neat-acre-382607/global/addresses/private-ip-block",
            "ip_version": "",
            "name": "private-ip-block",
            "network": "https://www.googleapis.com/compute/v1/projects/neat-acre-382607/global/networks/demolopolis-vpc",
            "prefix_length": 20,
            "project": "neat-acre-382607",
            "purpose": "VPC_PEERING",
            "self_link": "https://www.googleapis.com/compute/v1/projects/neat-acre-382607/global/addresses/private-ip-block",
            "timeouts": null
          },
          "sensitive_attributes": [],
          "private": "eyJlMmJmYjczMC1lY2FhLTExZTYtOGY4OC0zNDM2M2JjN2M0YzAiOnsiY3JlYXRlIjoxMjAwMDAwMDAwMDAwLCJkZWxldGUiOjEyMDAwMDAwMDAwMDB9fQ==",
          "dependencies": [
            "google_compute_network.demolopolis_vpc"
          ]
        }
      ]
    },
    {
      "mode": "managed",
      "type": "google_compute_network",
      "name": "demolopolis_vpc",
      "provider": "provider[\"registry.terraform.io/hashicorp/google\"]",
      "instances": [
        {
          "schema_version": 0,
          "attributes": {
            "auto_create_subnetworks": false,
            "delete_default_routes_on_create": false,
            "description": "",
            "enable_ula_internal_ipv6": false,
            "gateway_ipv4": "",
            "id": "projects/neat-acre-382607/global/networks/demolopolis-vpc",
            "internal_ipv6_range": "",
            "mtu": 0,
            "name": "demolopolis-vpc",
            "network_firewall_policy_enforcement_order": "AFTER_CLASSIC_FIREWALL",
            "project": "neat-acre-382607",
            "routing_mode": "REGIONAL",
            "self_link": "https://www.googleapis.com/compute/v1/projects/neat-acre-382607/global/networks/demolopolis-vpc",
            "timeouts": null
          },
          "sensitive_attributes": [],
          "private": "eyJlMmJmYjczMC1lY2FhLTExZTYtOGY4OC0zNDM2M2JjN2M0YzAiOnsiY3JlYXRlIjoxMjAwMDAwMDAwMDAwLCJkZWxldGUiOjEyMDAwMDAwMDAwMDAsInVwZGF0ZSI6MTIwMDAwMDAwMDAwMH19"
        }
      ]
    },
    {
      "mode": "managed",
      "type": "google_service_networking_connection",
      "name": "private_vpc_connection",
      "provider": "provider[\"registry.terraform.io/hashicorp/google\"]",
      "instances": [
        {
          "schema_version": 0,
          "attributes": {
            "id": "projects%2Fneat-acre-382607%2Fglobal%2Fnetworks%2Fdemolopolis-vpc:servicenetworking.googleapis.com",
            "network": "projects/neat-acre-382607/global/networks/demolopolis-vpc",
            "peering": "servicenetworking-googleapis-com",
            "reserved_peering_ranges": [
              "private-ip-block"
            ],
            "service": "servicenetworking.googleapis.com",
            "timeouts": null
          },
          "sensitive_attributes": [],
          "private": "eyJlMmJmYjczMC1lY2FhLTExZTYtOGY4OC0zNDM2M2JjN2M0YzAiOnsiY3JlYXRlIjo2MDAwMDAwMDAwMDAsImRlbGV0ZSI6NjAwMDAwMDAwMDAwLCJ1cGRhdGUiOjYwMDAwMDAwMDAwMH19",
          "dependencies": [
            "google_compute_global_address.private_ip_block",
            "google_compute_network.demolopolis_vpc"
          ]
        }
      ]
    },
    {
      "mode": "managed",
      "type": "google_sql_database_instance",
      "name": "vaultwarden_instance",
      "provider": "provider[\"registry.terraform.io/hashicorp/google\"]",
      "instances": [
        {
          "schema_version": 0,
          "attributes": {
            "available_maintenance_versions": [],
            "clone": [],
            "connection_name": "neat-acre-382607:europe-west3:vaultwarden-db",
            "database_version": "POSTGRES_14",
            "deletion_protection": true,
            "encryption_key_name": null,
            "first_ip_address": "10.15.48.3",
            "id": "vaultwarden-db",
            "instance_type": "CLOUD_SQL_INSTANCE",
            "ip_address": [
              {
                "ip_address": "10.15.48.3",
                "time_to_retire": "",
                "type": "PRIVATE"
              }
            ],
            "maintenance_version": "POSTGRES_14_7.R20230530.01_00",
            "master_instance_name": "",
            "name": "vaultwarden-db",
            "private_ip_address": "10.15.48.3",
            "project": "neat-acre-382607",
            "public_ip_address": "",
            "region": "europe-west3",
            "replica_configuration": [],
            "restore_backup_context": [],
            "root_password": null,
            "self_link": "https://sqladmin.googleapis.com/sql/v1beta4/projects/neat-acre-382607/instances/vaultwarden-db",
            "server_ca_cert": [
              {
                "cert": "-----BEGIN CERTIFICATE-----\nMIIDfzCCAmegAwIBAgIBADANBgkqhkiG9w0BAQsFADB3MS0wKwYDVQQuEyRkYjQ1\nMGVhYS1kODZmLTQ5MDgtODUxYy1kYTNjNDMyMzE0MDAxIzAhBgNVBAMTGkdvb2ds\nZSBDbG91ZCBTUUwgU2VydmVyIENBMRQwEgYDVQQKEwtHb29nbGUsIEluYzELMAkG\nA1UEBhMCVVMwHhcNMjMwNjA5MjAwNjI3WhcNMzMwNjA2MjAwNzI3WjB3MS0wKwYD\nVQQuEyRkYjQ1MGVhYS1kODZmLTQ5MDgtODUxYy1kYTNjNDMyMzE0MDAxIzAhBgNV\nBAMTGkdvb2dsZSBDbG91ZCBTUUwgU2VydmVyIENBMRQwEgYDVQQKEwtHb29nbGUs\nIEluYzELMAkGA1UEBhMCVVMwggEiMA0GCSqGSIb3DQEBAQUAA4IBDwAwggEKAoIB\nAQCX+5V7fkDacq8i3Epq19XvGnlJGuxVKil5bLimaqpSGvtVSuL60ds7yW/eMzpH\nyk/UMPwwQz3bd7ti2OTNI/6EcH+GsiL+CIhaYVo6P2DkPeZHW+G/qsLPDceMa+FW\nHbgZpEr58oA3gkiHUJcct2TyMtrnqXrYnbFcCT7CK6//k8eAMeGDE09PZKHAxDYY\nZB/nORyy00gmbwkkK1z+40xYGhejf89TfxZ1ZeQrybh28R51Y2p+Ed44D49yHSee\nwLWKCGnLpn/Mh3uhWIlNqHsDEdOrRmH3J3VNfMLcSwhHM0e4mhweIAOOSmuIiNQo\nk5EJggvseIFHxlZQQNQMpM23AgMBAAGjFjAUMBIGA1UdEwEB/wQIMAYBAf8CAQAw\nDQYJKoZIhvcNAQELBQADggEBAB0u3t74OXji5zhePSj1YDvdBgqwnLJGuDylgykK\n3jecEFD2GCPfbDlDAkFMUmMMR+EszBqj87UUSX4mz62gRCnmvRjC9kFT8WYS0eXP\nN5rAcZh5gzx2pDyCWMqrwRkNUHTOOE3ov0/qo0AeNXNmqBqNWEY16DCkCsrNW2zB\n5Fc3V747EAI0XmZFdRSK6u0tL+4tQgaPb8Ii9FpDjs8PPH+GVdzv11cOw8NfRP/f\nfkUyHi/+gB86ZwkJ0AhNIs2vebI5pWWn+OHBo4BwPjypMVYx69Cgua83CVM5paBc\nipuA2yWCE44UD6fg1rk2iWe6F9UnF5JxpE9IWodIR+tom80=\n-----END CERTIFICATE-----",
                "common_name": "C=US,O=Google\\, Inc,CN=Google Cloud SQL Server CA,dnQualifier=db450eaa-d86f-4908-851c-da3c43231400",
                "create_time": "2023-06-09T20:06:27.080Z",
                "expiration_time": "2033-06-06T20:07:27.080Z",
                "sha1_fingerprint": "6a8a4bfd6fc23c9137982a2a81dd499d8d0a9783"
              }
            ],
            "service_account_email_address": "p736145242931-4cbrzi@gcp-sa-cloud-sql.iam.gserviceaccount.com",
            "settings": [
              {
                "activation_policy": "ALWAYS",
                "active_directory_config": [],
                "advanced_machine_features": [],
                "availability_type": "ZONAL",
                "backup_configuration": [
                  {
                    "backup_retention_settings": [
                      {
                        "retained_backups": 7,
                        "retention_unit": "COUNT"
                      }
                    ],
                    "binary_log_enabled": false,
                    "enabled": false,
                    "location": "",
                    "point_in_time_recovery_enabled": false,
                    "start_time": "12:00",
                    "transaction_log_retention_days": 7
                  }
                ],
                "collation": "",
                "connector_enforcement": "NOT_REQUIRED",
                "database_flags": [],
                "deletion_protection_enabled": false,
                "deny_maintenance_period": [],
                "disk_autoresize": true,
                "disk_autoresize_limit": 0,
                "disk_size": 20,
                "disk_type": "PD_SSD",
                "insights_config": [],
                "ip_configuration": [
                  {
                    "allocated_ip_range": "",
                    "authorized_networks": [],
                    "enable_private_path_for_google_cloud_services": true,
                    "ipv4_enabled": false,
                    "private_network": "projects/neat-acre-382607/global/networks/demolopolis-vpc",
                    "require_ssl": false
                  }
                ],
                "location_preference": [
                  {
                    "follow_gae_application": "",
                    "secondary_zone": "",
                    "zone": "europe-west3-b"
                  }
                ],
                "maintenance_window": [],
                "password_validation_policy": [],
                "pricing_plan": "PER_USE",
                "sql_server_audit_config": [],
                "tier": "db-f1-micro",
                "time_zone": "",
                "user_labels": {},
                "version": 2
              }
            ],
            "timeouts": null
          },
          "sensitive_attributes": [],
          "private": "eyJlMmJmYjczMC1lY2FhLTExZTYtOGY4OC0zNDM2M2JjN2M0YzAiOnsiY3JlYXRlIjoyNDAwMDAwMDAwMDAwLCJkZWxldGUiOjE4MDAwMDAwMDAwMDAsInVwZGF0ZSI6MTgwMDAwMDAwMDAwMH19",
          "dependencies": [
            "google_compute_global_address.private_ip_block",
            "google_compute_network.demolopolis_vpc",
            "google_service_networking_connection.private_vpc_connection"
          ]
        }
      ]
    }
  ],
  "check_results": null
}
